
Microsoft Visual Studio Solution File, Format Version 12.00
# Visual Studio Version 17
VisualStudioVersion = 17.8.34330.188
MinimumVisualStudioVersion = 10.0.40219.1
Project("{2150E333-8FDC-42A3-9474-1A3956D46DE8}") = "Api", "Api", "{8E9979C8-55D4-4A4C-849E-E365727742B8}"
EndProject
Project("{FAE04EC0-301F-11D3-BF4B-00C04F79EFBC}") = "ApiEstoque", "Api\ApiEstoque.csproj", "{76F77C8F-DEEE-4B86-BCBB-3F05D793C6EE}"
EndProject
Project("{2150E333-8FDC-42A3-9474-1A3956D46DE8}") = "ApiTest", "ApiTest", "{9698F843-5C92-4667-8B69-A3EB96B644C8}"
EndProject
Project("{FAE04EC0-301F-11D3-BF4B-00C04F79EFBC}") = "ApiEstoqueTests", "ApiTest\ApiEstoqueTests.csproj", "{D979EC7B-2484-4FA3-B865-1BAB924AB057}"
EndProject
Project("{2150E333-8FDC-42A3-9474-1A3956D46DE8}") = "Services", "Services", "{62379986-0DF7-4429-B8BC-090B940E7712}"
EndProject
Project("{FAE04EC0-301F-11D3-BF4B-00C04F79EFBC}") = "CartAPI", "Services\CartAPI\CartAPI.csproj", "{DC18D075-20C1-40C7-B420-E1D7F4AE49C0}"
EndProject
Project("{FAE04EC0-301F-11D3-BF4B-00C04F79EFBC}") = "OrderAPI", "Services\OrderAPI\OrderAPI.csproj", "{3885F56A-6ABA-43DE-B8D5-F90AA2B33A32}"
EndProject
Global
	GlobalSection(SolutionConfigurationPlatforms) = preSolution
		Debug|Any CPU = Debug|Any CPU
		Release|Any CPU = Release|Any CPU
	EndGlobalSection
	GlobalSection(ProjectConfigurationPlatforms) = postSolution
		{76F77C8F-DEEE-4B86-BCBB-3F05D793C6EE}.Debug|Any CPU.ActiveCfg = Debug|Any CPU
		{76F77C8F-DEEE-4B86-BCBB-3F05D793C6EE}.Debug|Any CPU.Build.0 = Debug|Any CPU
		{76F77C8F-DEEE-4B86-BCBB-3F05D793C6EE}.Release|Any CPU.ActiveCfg = Release|Any CPU
		{76F77C8F-DEEE-4B86-BCBB-3F05D793C6EE}.Release|Any CPU.Build.0 = Release|Any CPU
		{D979EC7B-2484-4FA3-B865-1BAB924AB057}.Debug|Any CPU.ActiveCfg = Debug|Any CPU
		{D979EC7B-2484-4FA3-B865-1BAB924AB057}.Debug|Any CPU.Build.0 = Debug|Any CPU
		{D979EC7B-2484-4FA3-B865-1BAB924AB057}.Release|Any CPU.ActiveCfg = Release|Any CPU
		{D979EC7B-2484-4FA3-B865-1BAB924AB057}.Release|Any CPU.Build.0 = Release|Any CPU
		{DC18D075-20C1-40C7-B420-E1D7F4AE49C0}.Debug|Any CPU.ActiveCfg = Debug|Any CPU
		{DC18D075-20C1-40C7-B420-E1D7F4AE49C0}.Debug|Any CPU.Build.0 = Debug|Any CPU
		{DC18D075-20C1-40C7-B420-E1D7F4AE49C0}.Release|Any CPU.ActiveCfg = Release|Any CPU
		{DC18D075-20C1-40C7-B420-E1D7F4AE49C0}.Release|Any CPU.Build.0 = Release|Any CPU
		{3885F56A-6ABA-43DE-B8D5-F90AA2B33A32}.Debug|Any CPU.ActiveCfg = Debug|Any CPU
		{3885F56A-6ABA-43DE-B8D5-F90AA2B33A32}.Debug|Any CPU.Build.0 = Debug|Any CPU
		{3885F56A-6ABA-43DE-B8D5-F90AA2B33A32}.Release|Any CPU.ActiveCfg = Release|Any CPU
		{3885F56A-6ABA-43DE-B8D5-F90AA2B33A32}.Release|Any CPU.Build.0 = Release|Any CPU
	EndGlobalSection
	GlobalSection(SolutionProperties) = preSolution
		HideSolutionNode = FALSE
	EndGlobalSection
	GlobalSection(NestedProjects) = preSolution
		{76F77C8F-DEEE-4B86-BCBB-3F05D793C6EE} = {8E9979C8-55D4-4A4C-849E-E365727742B8}
		{D979EC7B-2484-4FA3-B865-1BAB924AB057} = {9698F843-5C92-4667-8B69-A3EB96B644C8}
		{DC18D075-20C1-40C7-B420-E1D7F4AE49C0} = {62379986-0DF7-4429-B8BC-090B940E7712}
		{3885F56A-6ABA-43DE-B8D5-F90AA2B33A32} = {62379986-0DF7-4429-B8BC-090B940E7712}
	EndGlobalSection
	GlobalSection(ExtensibilityGlobals) = postSolution
		SolutionGuid = {5B8FBDAF-FAC4-4A82-9833-A1419365D42A}
	EndGlobalSection
EndGlobal
